{
  "version": 4,
  "terraform_version": "1.8.1",
  "serial": 187,
  "lineage": "397db206-9c95-d3e7-cfad-cbf3cc087094",
  "outputs": {},
  "resources": [
    {
      "mode": "managed",
      "type": "github_branch",
      "name": "development_branch_codebase",
      "provider": "provider[\"registry.terraform.io/integrations/github\"]",
      "instances": [
        {
          "schema_version": 0,
          "attributes": {
            "branch": "development",
            "etag": "W/\"39c171f2a601c61990a6e8ca6dc8bfd9fe57caf8626e4ece61cdf8198b5184c2\"",
            "id": "lab-terraform-codebase:development",
            "ref": "refs/heads/development",
            "repository": "lab-terraform-codebase",
            "sha": "aa1347e58f9acf646a5b93bad326da7823110887",
            "source_branch": "main",
            "source_sha": "aa1347e58f9acf646a5b93bad326da7823110887"
          },
          "sensitive_attributes": [],
          "private": "bnVsbA==",
          "dependencies": [
            "github_repository.lab_terraform_codebase"
          ]
        }
      ]
    },
    {
      "mode": "managed",
      "type": "github_branch",
      "name": "development_branch_web_page",
      "provider": "provider[\"registry.terraform.io/integrations/github\"]",
      "instances": [
        {
          "schema_version": 0,
          "attributes": {
            "branch": "development",
            "etag": "W/\"21d6a8ce9229fd6ed60388dc7ddb16f64f8b312cb0d5d613e78b5c149ffc47f9\"",
            "id": "lab-terraform-web-page:development",
            "ref": "refs/heads/development",
            "repository": "lab-terraform-web-page",
            "sha": "629c75b2da12d5e9bd9efd0f60dae5e9b6a97c96",
            "source_branch": "main",
            "source_sha": "629c75b2da12d5e9bd9efd0f60dae5e9b6a97c96"
          },
          "sensitive_attributes": [],
          "private": "bnVsbA==",
          "dependencies": [
            "github_repository.lab_terraform_web_page"
          ]
        }
      ]
    },
    {
      "mode": "managed",
      "type": "github_branch",
      "name": "feature_branch_codebase",
      "provider": "provider[\"registry.terraform.io/integrations/github\"]",
      "instances": [
        {
          "schema_version": 0,
          "attributes": {
            "branch": "feature",
            "etag": "W/\"3516b849fe88e71a7c3e4228c580312f1b21cd111d072cd41eff7374ac3d6512\"",
            "id": "lab-terraform-codebase:feature",
            "ref": "refs/heads/feature",
            "repository": "lab-terraform-codebase",
            "sha": "aa1347e58f9acf646a5b93bad326da7823110887",
            "source_branch": "main",
            "source_sha": "aa1347e58f9acf646a5b93bad326da7823110887"
          },
          "sensitive_attributes": [],
          "private": "bnVsbA==",
          "dependencies": [
            "github_repository.lab_terraform_codebase"
          ]
        }
      ]
    },
    {
      "mode": "managed",
      "type": "github_branch",
      "name": "feature_branch_web_page",
      "provider": "provider[\"registry.terraform.io/integrations/github\"]",
      "instances": [
        {
          "schema_version": 0,
          "attributes": {
            "branch": "feature",
            "etag": "W/\"db6cda119899c8563158b154d2b44e65a978a207e313d782d6755b29da3f97b5\"",
            "id": "lab-terraform-web-page:feature",
            "ref": "refs/heads/feature",
            "repository": "lab-terraform-web-page",
            "sha": "629c75b2da12d5e9bd9efd0f60dae5e9b6a97c96",
            "source_branch": "main",
            "source_sha": "629c75b2da12d5e9bd9efd0f60dae5e9b6a97c96"
          },
          "sensitive_attributes": [],
          "private": "bnVsbA==",
          "dependencies": [
            "github_repository.lab_terraform_web_page"
          ]
        }
      ]
    },
    {
      "mode": "managed",
      "type": "github_branch",
      "name": "fix_branch_codebase",
      "provider": "provider[\"registry.terraform.io/integrations/github\"]",
      "instances": [
        {
          "schema_version": 0,
          "attributes": {
            "branch": "fix",
            "etag": "W/\"ca87a945a4fcdf15a36ce8d3365cb9d68366937f6a8a72c05cd1cc41e665d4a1\"",
            "id": "lab-terraform-codebase:fix",
            "ref": "refs/heads/fix",
            "repository": "lab-terraform-codebase",
            "sha": "aa1347e58f9acf646a5b93bad326da7823110887",
            "source_branch": "main",
            "source_sha": "aa1347e58f9acf646a5b93bad326da7823110887"
          },
          "sensitive_attributes": [],
          "private": "bnVsbA==",
          "dependencies": [
            "github_repository.lab_terraform_codebase"
          ]
        }
      ]
    },
    {
      "mode": "managed",
      "type": "github_branch",
      "name": "fix_branch_web_page",
      "provider": "provider[\"registry.terraform.io/integrations/github\"]",
      "instances": [
        {
          "schema_version": 0,
          "attributes": {
            "branch": "fix",
            "etag": "W/\"74bae1447afd470447a0979e24a4b0e72cde28f0932f239d485b9dbaaec1a479\"",
            "id": "lab-terraform-web-page:fix",
            "ref": "refs/heads/fix",
            "repository": "lab-terraform-web-page",
            "sha": "629c75b2da12d5e9bd9efd0f60dae5e9b6a97c96",
            "source_branch": "main",
            "source_sha": "629c75b2da12d5e9bd9efd0f60dae5e9b6a97c96"
          },
          "sensitive_attributes": [],
          "private": "bnVsbA==",
          "dependencies": [
            "github_repository.lab_terraform_web_page"
          ]
        }
      ]
    },
    {
      "mode": "managed",
      "type": "github_membership",
      "name": "membership_for_user_icaseres",
      "provider": "provider[\"registry.terraform.io/integrations/github\"]",
      "instances": [
        {
          "schema_version": 0,
          "attributes": {
            "downgrade_on_destroy": false,
            "etag": "W/\"63344e4c4c79c006c94df37954336c7fdd8f865c80dc24bd85632196d65efbe7\"",
            "id": "arq-tics-labs:icaseres",
            "role": "member",
            "username": "icaseres"
          },
          "sensitive_attributes": [],
          "private": "bnVsbA=="
        }
      ]
    },
    {
      "mode": "managed",
      "type": "github_repository",
      "name": "lab_terraform_codebase",
      "provider": "provider[\"registry.terraform.io/integrations/github\"]",
      "instances": [
        {
          "schema_version": 1,
          "attributes": {
            "allow_auto_merge": false,
            "allow_merge_commit": true,
            "allow_rebase_merge": true,
            "allow_squash_merge": true,
            "allow_update_branch": true,
            "archive_on_destroy": null,
            "archived": false,
            "auto_init": true,
            "default_branch": "main",
            "delete_branch_on_merge": false,
            "description": "My awesome codebase to learn Terraform for arch tics ",
            "etag": "W/\"355e53f33aba9c42ade826ed429a7a46831e30260d023333163dba09f966a5af\"",
            "full_name": "arq-tics-labs/lab-terraform-codebase",
            "git_clone_url": "git://github.com/arq-tics-labs/lab-terraform-codebase.git",
            "gitignore_template": null,
            "has_discussions": false,
            "has_downloads": false,
            "has_issues": false,
            "has_projects": false,
            "has_wiki": false,
            "homepage_url": "",
            "html_url": "https://github.com/arq-tics-labs/lab-terraform-codebase",
            "http_clone_url": "https://github.com/arq-tics-labs/lab-terraform-codebase.git",
            "id": "lab-terraform-codebase",
            "ignore_vulnerability_alerts_during_read": null,
            "is_template": false,
            "license_template": null,
            "merge_commit_message": "PR_TITLE",
            "merge_commit_title": "MERGE_MESSAGE",
            "name": "lab-terraform-codebase",
            "node_id": "R_kgDOLx8_JQ",
            "pages": [],
            "primary_language": "",
            "private": false,
            "repo_id": 790576933,
            "security_and_analysis": [
              {
                "advanced_security": [],
                "secret_scanning": [
                  {
                    "status": "disabled"
                  }
                ],
                "secret_scanning_push_protection": [
                  {
                    "status": "disabled"
                  }
                ]
              }
            ],
            "squash_merge_commit_message": "COMMIT_MESSAGES",
            "squash_merge_commit_title": "COMMIT_OR_PR_TITLE",
            "ssh_clone_url": "git@github.com:arq-tics-labs/lab-terraform-codebase.git",
            "svn_url": "https://github.com/arq-tics-labs/lab-terraform-codebase",
            "template": [],
            "topics": [],
            "visibility": "public",
            "vulnerability_alerts": true,
            "web_commit_signoff_required": false
          },
          "sensitive_attributes": [],
          "private": "eyJzY2hlbWFfdmVyc2lvbiI6IjEifQ=="
        }
      ]
    },
    {
      "mode": "managed",
      "type": "github_repository",
      "name": "lab_terraform_web_page",
      "provider": "provider[\"registry.terraform.io/integrations/github\"]",
      "instances": [
        {
          "schema_version": 1,
          "attributes": {
            "allow_auto_merge": false,
            "allow_merge_commit": true,
            "allow_rebase_merge": true,
            "allow_squash_merge": true,
            "allow_update_branch": false,
            "archive_on_destroy": null,
            "archived": false,
            "auto_init": true,
            "default_branch": "main",
            "delete_branch_on_merge": false,
            "description": "My awesome web page to learn Terraform for arch tics ",
            "etag": "W/\"3a4332fef9306d6a75e21e0cd0aa9055c3f2f6a0d4f129473caa0c0ce91574d5\"",
            "full_name": "arq-tics-labs/lab-terraform-web-page",
            "git_clone_url": "git://github.com/arq-tics-labs/lab-terraform-web-page.git",
            "gitignore_template": null,
            "has_discussions": false,
            "has_downloads": false,
            "has_issues": false,
            "has_projects": false,
            "has_wiki": false,
            "homepage_url": "",
            "html_url": "https://github.com/arq-tics-labs/lab-terraform-web-page",
            "http_clone_url": "https://github.com/arq-tics-labs/lab-terraform-web-page.git",
            "id": "lab-terraform-web-page",
            "ignore_vulnerability_alerts_during_read": null,
            "is_template": false,
            "license_template": null,
            "merge_commit_message": "PR_TITLE",
            "merge_commit_title": "MERGE_MESSAGE",
            "name": "lab-terraform-web-page",
            "node_id": "R_kgDOLx8_Mw",
            "pages": [
              {
                "build_type": "legacy",
                "cname": "",
                "custom_404": false,
                "html_url": "https://arq-tics-labs.github.io/lab-terraform-web-page/",
                "source": [
                  {
                    "branch": "main",
                    "path": "/docs"
                  }
                ],
                "status": "building",
                "url": "https://api.github.com/repos/arq-tics-labs/lab-terraform-web-page/pages"
              }
            ],
            "primary_language": "",
            "private": false,
            "repo_id": 790576947,
            "security_and_analysis": [
              {
                "advanced_security": [],
                "secret_scanning": [
                  {
                    "status": "disabled"
                  }
                ],
                "secret_scanning_push_protection": [
                  {
                    "status": "disabled"
                  }
                ]
              }
            ],
            "squash_merge_commit_message": "COMMIT_MESSAGES",
            "squash_merge_commit_title": "COMMIT_OR_PR_TITLE",
            "ssh_clone_url": "git@github.com:arq-tics-labs/lab-terraform-web-page.git",
            "svn_url": "https://github.com/arq-tics-labs/lab-terraform-web-page",
            "template": [],
            "topics": [],
            "visibility": "public",
            "vulnerability_alerts": true,
            "web_commit_signoff_required": false
          },
          "sensitive_attributes": [],
          "private": "eyJzY2hlbWFfdmVyc2lvbiI6IjEifQ=="
        }
      ]
    }
  ],
  "check_results": null
}
