{
  "version": 4,
  "terraform_version": "1.8.1",
  "serial": 178,
  "lineage": "397db206-9c95-d3e7-cfad-cbf3cc087094",
  "outputs": {},
  "resources": [
    {
      "mode": "managed",
      "type": "github_branch",
      "name": "development_branch_codebase",
      "provider": "provider[\"registry.terraform.io/integrations/github\"]",
      "instances": [
        {
          "schema_version": 0,
          "attributes": {
            "branch": "development",
            "etag": "W/\"529c799c76feb0427c29edbb5084dc2e9bb508adcc54ac988f9aee2ec1430739\"",
            "id": "lab-terraform-codebase:development",
            "ref": "refs/heads/development",
            "repository": "lab-terraform-codebase",
            "sha": "a8fa8cc2320781f2bf7ba6dc3306d7014610803c",
            "source_branch": "main",
            "source_sha": "a8fa8cc2320781f2bf7ba6dc3306d7014610803c"
          },
          "sensitive_attributes": [],
          "private": "bnVsbA==",
          "dependencies": [
            "github_repository.lab_terraform_codebase"
          ]
        }
      ]
    },
    {
      "mode": "managed",
      "type": "github_membership",
      "name": "membership_for_user_icaseres",
      "provider": "provider[\"registry.terraform.io/integrations/github\"]",
      "instances": [
        {
          "schema_version": 0,
          "attributes": {
            "downgrade_on_destroy": false,
            "etag": "W/\"63344e4c4c79c006c94df37954336c7fdd8f865c80dc24bd85632196d65efbe7\"",
            "id": "arq-tics-labs:icaseres",
            "role": "member",
            "username": "icaseres"
          },
          "sensitive_attributes": [],
          "private": "bnVsbA=="
        }
      ]
    },
    {
      "mode": "managed",
      "type": "github_repository",
      "name": "lab_terraform_codebase",
      "provider": "provider[\"registry.terraform.io/integrations/github\"]",
      "instances": [
        {
          "schema_version": 1,
          "attributes": {
            "allow_auto_merge": false,
            "allow_merge_commit": true,
            "allow_rebase_merge": true,
            "allow_squash_merge": true,
            "allow_update_branch": true,
            "archive_on_destroy": null,
            "archived": false,
            "auto_init": true,
            "default_branch": "main",
            "delete_branch_on_merge": false,
            "description": "My awesome codebase to learn Terraform for arch tics ",
            "etag": "W/\"845371359117937f0ba546ff64f24271bc1d63a9c88839e870de37323171cf58\"",
            "full_name": "arq-tics-labs/lab-terraform-codebase",
            "git_clone_url": "git://github.com/arq-tics-labs/lab-terraform-codebase.git",
            "gitignore_template": null,
            "has_discussions": false,
            "has_downloads": false,
            "has_issues": false,
            "has_projects": false,
            "has_wiki": false,
            "homepage_url": "",
            "html_url": "https://github.com/arq-tics-labs/lab-terraform-codebase",
            "http_clone_url": "https://github.com/arq-tics-labs/lab-terraform-codebase.git",
            "id": "lab-terraform-codebase",
            "ignore_vulnerability_alerts_during_read": null,
            "is_template": false,
            "license_template": null,
            "merge_commit_message": "PR_TITLE",
            "merge_commit_title": "MERGE_MESSAGE",
            "name": "lab-terraform-codebase",
            "node_id": "R_kgDOLx860A",
            "pages": [],
            "primary_language": "",
            "private": false,
            "repo_id": 790575824,
            "security_and_analysis": [
              {
                "advanced_security": [],
                "secret_scanning": [
                  {
                    "status": "disabled"
                  }
                ],
                "secret_scanning_push_protection": [
                  {
                    "status": "disabled"
                  }
                ]
              }
            ],
            "squash_merge_commit_message": "COMMIT_MESSAGES",
            "squash_merge_commit_title": "COMMIT_OR_PR_TITLE",
            "ssh_clone_url": "git@github.com:arq-tics-labs/lab-terraform-codebase.git",
            "svn_url": "https://github.com/arq-tics-labs/lab-terraform-codebase",
            "template": [],
            "topics": [],
            "visibility": "public",
            "vulnerability_alerts": false,
            "web_commit_signoff_required": false
          },
          "sensitive_attributes": [],
          "private": "eyJzY2hlbWFfdmVyc2lvbiI6IjEifQ=="
        }
      ]
    }
  ],
  "check_results": null
}
